<Solution>
  <Configurations>
    <Platform Name="Any CPU" />
    <Platform Name="x64" />
    <Platform Name="x86" />
  </Configurations>
  <Folder Name="/src/">
    <Project Path="src/JournalRecall.AI/JournalRecall.AI.csproj" />
    <Project Path="src/JournalRecall.AI.EntityFrameworkCore/JournalRecall.AI.EntityFrameworkCore.csproj" />
    <Project Path="src/JournalRecall.AI.OpenAI/JournalRecall.AI.OpenAI.csproj" />
    <Project Path="src/JournalRecall.AI.SourceGeneration/JournalRecall.AI.SourceGeneration.csproj" />
    <Project Path="src/JournalRecall.Api/JournalRecall.Api.csproj" />
  </Folder>
  <Folder Name="/tests/">
    <Project Path="tests/JournalRecall.AI.Tests/JournalRecall.AI.Tests.csproj" />
    <Project Path="tests/JournalRecall.SharedTestHelpers/JournalRecall.SharedTestHelpers.csproj" />
    <Project Path="tests/JournalRecall.UnitTests/JournalRecall.UnitTests.csproj" />
    <Project Path="tests/JournalRecall.IntegrationTests/JournalRecall.IntegrationTests.csproj" />
    <Project Path="tests/JournalRecall.FunctionalTests/JournalRecall.FunctionalTests.csproj" />
  </Folder>
  <Project Path="JournalRecall.AppHost/JournalRecall.AppHost.csproj" />
</Solution>
